<?xml version="1.0" encoding="utf-8"?>
<Project ToolsVersion="4.0" xmlns="http://schemas.microsoft.com/developer/msbuild/2003">
  <ItemGroup>
    <Filter Include="소스 파일">
      <UniqueIdentifier>{4FC737F1-C7A5-4376-A066-2A32D752A2FF}</UniqueIdentifier>
      <Extensions>cpp;c;cc;cxx;c++;cppm;ixx;def;odl;idl;hpj;bat;asm;asmx</Extensions>
    </Filter>
    <Filter Include="헤더 파일">
      <UniqueIdentifier>{93995380-89BD-4b04-88EB-625FBE52EBFB}</UniqueIdentifier>
      <Extensions>h;hh;hpp;hxx;h++;hm;inl;inc;ipp;xsd</Extensions>
    </Filter>
    <Filter Include="리소스 파일">
      <UniqueIdentifier>{67DA6AB6-F800-4c08-8B7A-83BB121AAD01}</UniqueIdentifier>
      <Extensions>rc;ico;cur;bmp;dlg;rc2;rct;bin;rgs;gif;jpg;jpeg;jpe;resx;tiff;tif;png;wav;mfcribbon-ms</Extensions>
    </Filter>
    <Filter Include="모듈">
      <UniqueIdentifier>{5231bf94-9c5a-44ba-9620-ea3d0091fbd6}</UniqueIdentifier>
    </Filter>
    <Filter Include="모듈\buffer">
      <UniqueIdentifier>{9b12a6df-4fc5-4561-9b01-f1e46d0e8fc6}</UniqueIdentifier>
    </Filter>
    <Filter Include="모듈\window">
      <UniqueIdentifier>{eea1d123-44ba-4b64-af7e-cbe34d3a9a5b}</UniqueIdentifier>
    </Filter>
    <Filter Include="모듈\shader">
      <UniqueIdentifier>{24b24464-c27e-47f6-9a28-63dcec0d8eee}</UniqueIdentifier>
    </Filter>
    <Filter Include="모듈\physics">
      <UniqueIdentifier>{a8adbd7d-e799-480b-9503-010c72dfc1e0}</UniqueIdentifier>
    </Filter>
    <Filter Include="모듈\camera">
      <UniqueIdentifier>{fba9f59f-7e79-411d-81cb-c96e4c07bc0b}</UniqueIdentifier>
    </Filter>
    <Filter Include="모듈\imgui">
      <UniqueIdentifier>{a8d3b2f1-7f90-4291-8416-6b1e4dc141be}</UniqueIdentifier>
    </Filter>
    <Filter Include="모듈\renderer">
      <UniqueIdentifier>{1d251c94-613e-4f68-bd49-90a521b16334}</UniqueIdentifier>
    </Filter>
    <Filter Include="모듈\primitive">
      <UniqueIdentifier>{a49f23a2-2fe3-4ceb-b07d-a8f710d7744f}</UniqueIdentifier>
    </Filter>
    <Filter Include="모듈\scene">
      <UniqueIdentifier>{b94b7886-fb57-4c3d-a34e-b1fb73881678}</UniqueIdentifier>
    </Filter>
  </ItemGroup>
  <ItemGroup>
    <ClCompile Include="modules\buffer\IBuffer.ixx">
      <Filter>모듈\buffer</Filter>
    </ClCompile>
    <ClCompile Include="modules\buffer\BufferPreset.ixx">
      <Filter>모듈\buffer</Filter>
    </ClCompile>
    <ClCompile Include="modules\buffer\IndexBuffer.ixx">
      <Filter>모듈\buffer</Filter>
    </ClCompile>
    <ClCompile Include="modules\buffer\VertexBuffer.ixx">
      <Filter>모듈\buffer</Filter>
    </ClCompile>
    <ClCompile Include="modules\window\GLFWInitializer.ixx">
      <Filter>모듈\window</Filter>
    </ClCompile>
    <ClCompile Include="modules\window\Window.ixx">
      <Filter>모듈\window</Filter>
    </ClCompile>
    <ClCompile Include="modules\shader\IShaderSource.ixx">
      <Filter>모듈\shader</Filter>
    </ClCompile>
    <ClCompile Include="modules\shader\ShaderProgram.ixx">
      <Filter>모듈\shader</Filter>
    </ClCompile>
    <ClCompile Include="modules\shader\ShaderSourceComposite.ixx">
      <Filter>모듈\shader</Filter>
    </ClCompile>
    <ClCompile Include="modules\shader\ShaderSourceFromFile.ixx">
      <Filter>모듈\shader</Filter>
    </ClCompile>
    <ClCompile Include="modules\shader\ShaderSourceFromString.ixx">
      <Filter>모듈\shader</Filter>
    </ClCompile>
    <ClCompile Include="modules\physics\DynamicsWorld.ixx">
      <Filter>모듈\physics</Filter>
    </ClCompile>
    <ClCompile Include="modules\physics\RigidBody.ixx">
      <Filter>모듈\physics</Filter>
    </ClCompile>
    <ClCompile Include="modules\physics\IDynamicsWorldComponents.ixx">
      <Filter>모듈\physics</Filter>
    </ClCompile>
    <ClCompile Include="modules\physics\DefaultDynamicsWorldComponents.ixx">
      <Filter>모듈\physics</Filter>
    </ClCompile>
    <ClCompile Include="modules\physics\GLMAdapter.ixx">
      <Filter>모듈\physics</Filter>
    </ClCompile>
    <ClCompile Include="modules\physics\Transform.ixx">
      <Filter>모듈\physics</Filter>
    </ClCompile>
    <ClCompile Include="modules\camera\Camera.ixx">
      <Filter>모듈\camera</Filter>
    </ClCompile>
    <ClCompile Include="modules\physics\Ray.ixx">
      <Filter>모듈\physics</Filter>
    </ClCompile>
    <ClCompile Include="modules\physics\HitInfo.ixx">
      <Filter>모듈\physics</Filter>
    </ClCompile>
    <ClCompile Include="modules\imgui\ImGuiHelper.ixx">
      <Filter>모듈\imgui</Filter>
    </ClCompile>
    <ClCompile Include="sources\main.cpp">
      <Filter>소스 파일</Filter>
    </ClCompile>
    <ClCompile Include="modules\renderer\CubeRenderer.ixx">
      <Filter>모듈\renderer</Filter>
    </ClCompile>
    <ClCompile Include="modules\primitive\Cube.ixx">
      <Filter>모듈\primitive</Filter>
    </ClCompile>
    <ClCompile Include="modules\primitive\Plane.ixx">
      <Filter>모듈\primitive</Filter>
    </ClCompile>
    <ClCompile Include="modules\primitive\PrimitiveModelData.ixx">
      <Filter>모듈\primitive</Filter>
    </ClCompile>
    <ClCompile Include="modules\scene\Scene1.ixx">
      <Filter>모듈\scene</Filter>
    </ClCompile>
    <ClCompile Include="modules\scene\Scene2.ixx">
      <Filter>모듈\scene</Filter>
    </ClCompile>
    <ClCompile Include="modules\renderer\LineRenderer.ixx">
      <Filter>모듈\renderer</Filter>
    </ClCompile>
    <ClCompile Include="modules\camera\InteractiveCamera.ixx">
      <Filter>모듈\camera</Filter>
    </ClCompile>
  </ItemGroup>
  <ItemGroup>
    <Text Include="resources\cube_fs.txt">
      <Filter>리소스 파일</Filter>
    </Text>
    <Text Include="resources\cube_vs.txt">
      <Filter>리소스 파일</Filter>
    </Text>
    <Text Include="resources\line_vs.txt">
      <Filter>리소스 파일</Filter>
    </Text>
    <Text Include="resources\line_fs.txt">
      <Filter>리소스 파일</Filter>
    </Text>
  </ItemGroup>
</Project>